schema: '2.0'
stages:
  data-scrapping:
    cmd: papermill input_notebooks/Data_scrapping.ipynb output_notebooks/Data_scrapping_out.ipynb
    deps:
    - path: input_notebooks/Data_scrapping.ipynb
      md5: 72178291ac17eb60be91299b85e74d98
      size: 8194
    outs:
    - path: datadir/datasets
      md5: 9232fb21abd122428761f623944c0bfa.dir
      size: 5732
      nfiles: 1
  forecasting:
    cmd: papermill input_notebooks/prophet_forecasting.ipynb output_notebooks/prophet_forecasting_out.ipynb
    deps:
    - path: datadir/datasets
      md5: 9232fb21abd122428761f623944c0bfa.dir
      size: 5732
      nfiles: 1
    - path: input_notebooks/prophet_forecasting.ipynb
      md5: 0196a9d8f4a83c4e6134883fe787d1e7
      size: 4222803
  Feature_engineering:
    cmd: papermill input_notebooks/Feature_engineering.ipynb output_notebooks/Feature_engineering_out.ipynb
    deps:
    - path: datadir/datasets
      md5: 9232fb21abd122428761f623944c0bfa.dir
      size: 5732
      nfiles: 1
    - path: input_notebooks/Feature_engineering.ipynb
      md5: f296566b8d29626ea1332609b27eaee7
      size: 27760
    outs:
    - path: datadir/transformed
      md5: 5d29a7096293dca23bdb0c15f0e5a600.dir
      size: 43910
      nfiles: 2
  oil_forecasting:
    cmd: papermill input_notebooks/oil_forecasting.ipynb output_notebooks/oil_forecasting_out.ipynb
    deps:
    - path: datadir/datasets
      md5: 9232fb21abd122428761f623944c0bfa.dir
      size: 5732
      nfiles: 1
    - path: input_notebooks/oil_forecasting.ipynb
      md5: 214035ae6d210cb88302a4348e53369a
      size: 538705
    outs:
    - path: artifact_dir
      md5: 393943312c3eeb041a95896e95eb8597.dir
      size: 2171907
      nfiles: 20
  model_registry:
    cmd: papermill input_notebooks/model_registry.ipynb output_notebooks/model_registry_out.ipynb
    deps:
    - path: input_notebooks/model_registry.ipynb
      md5: e599d4ce24092cc23a76ab652e211cbd
      size: 6054
